// !$*UTF8*$!
{
	archiveVersion = 1;
	classes = {
	};
	objectVersion = 46;
	objects = {

/* Begin PBXBuildFile section */
		870F41441707FC1700EBA895 /* UIKit.framework in Frameworks */ = {isa = PBXBuildFile; fileRef = 870F41431707FC1700EBA895 /* UIKit.framework */; };
		870F41461707FC1700EBA895 /* Foundation.framework in Frameworks */ = {isa = PBXBuildFile; fileRef = 870F41451707FC1700EBA895 /* Foundation.framework */; };
		870F41481707FC1700EBA895 /* CoreGraphics.framework in Frameworks */ = {isa = PBXBuildFile; fileRef = 870F41471707FC1700EBA895 /* CoreGraphics.framework */; };
		870F414E1707FC1700EBA895 /* InfoPlist.strings in Resources */ = {isa = PBXBuildFile; fileRef = 870F414C1707FC1700EBA895 /* InfoPlist.strings */; };
		870F41501707FC1700EBA895 /* main.m in Sources */ = {isa = PBXBuildFile; fileRef = 870F414F1707FC1700EBA895 /* main.m */; };
		870F41541707FC1700EBA895 /* AppDelegate.m in Sources */ = {isa = PBXBuildFile; fileRef = 870F41531707FC1700EBA895 /* AppDelegate.m */; };
		870F41561707FC1700EBA895 /* Default.png in Resources */ = {isa = PBXBuildFile; fileRef = 870F41551707FC1700EBA895 /* Default.png */; };
		870F41581707FC1700EBA895 /* Default@2x.png in Resources */ = {isa = PBXBuildFile; fileRef = 870F41571707FC1700EBA895 /* Default@2x.png */; };
		870F415A1707FC1700EBA895 /* Default-568h@2x.png in Resources */ = {isa = PBXBuildFile; fileRef = 870F41591707FC1700EBA895 /* Default-568h@2x.png */; };
		870F415D1707FC1700EBA895 /* ViewController.m in Sources */ = {isa = PBXBuildFile; fileRef = 870F415C1707FC1700EBA895 /* ViewController.m */; };
		870F41601707FC1700EBA895 /* ViewController.xib in Resources */ = {isa = PBXBuildFile; fileRef = 870F415E1707FC1700EBA895 /* ViewController.xib */; };
		870F41711707FEE300EBA895 /* TTAsyncLoadImageSampleViewController.m in Sources */ = {isa = PBXBuildFile; fileRef = 870F416F1707FEE300EBA895 /* TTAsyncLoadImageSampleViewController.m */; };
		870F41751708071E00EBA895 /* TTAsyncImageView.m in Sources */ = {isa = PBXBuildFile; fileRef = 870F41741708071E00EBA895 /* TTAsyncImageView.m */; };
/* End PBXBuildFile section */

/* Begin PBXFileReference section */
		870F41401707FC1700EBA895 /* Utilities.app */ = {isa = PBXFileReference; explicitFileType = wrapper.application; includeInIndex = 0; path = Utilities.app; sourceTree = BUILT_PRODUCTS_DIR; };
		870F41431707FC1700EBA895 /* UIKit.framework */ = {isa = PBXFileReference; lastKnownFileType = wrapper.framework; name = UIKit.framework; path = System/Library/Frameworks/UIKit.framework; sourceTree = SDKROOT; };
		870F41451707FC1700EBA895 /* Foundation.framework */ = {isa = PBXFileReference; lastKnownFileType = wrapper.framework; name = Foundation.framework; path = System/Library/Frameworks/Foundation.framework; sourceTree = SDKROOT; };
		870F41471707FC1700EBA895 /* CoreGraphics.framework */ = {isa = PBXFileReference; lastKnownFileType = wrapper.framework; name = CoreGraphics.framework; path = System/Library/Frameworks/CoreGraphics.framework; sourceTree = SDKROOT; };
		870F414B1707FC1700EBA895 /* Utilities-Info.plist */ = {isa = PBXFileReference; lastKnownFileType = text.plist.xml; path = "Utilities-Info.plist"; sourceTree = "<group>"; };
		870F414D1707FC1700EBA895 /* en */ = {isa = PBXFileReference; lastKnownFileType = text.plist.strings; name = en; path = en.lproj/InfoPlist.strings; sourceTree = "<group>"; };
		870F414F1707FC1700EBA895 /* main.m */ = {isa = PBXFileReference; lastKnownFileType = sourcecode.c.objc; path = main.m; sourceTree = "<group>"; };
		870F41511707FC1700EBA895 /* Utilities-Prefix.pch */ = {isa = PBXFileReference; lastKnownFileType = sourcecode.c.h; path = "Utilities-Prefix.pch"; sourceTree = "<group>"; };
		870F41521707FC1700EBA895 /* AppDelegate.h */ = {isa = PBXFileReference; lastKnownFileType = sourcecode.c.h; path = AppDelegate.h; sourceTree = "<group>"; };
		870F41531707FC1700EBA895 /* AppDelegate.m */ = {isa = PBXFileReference; lastKnownFileType = sourcecode.c.objc; path = AppDelegate.m; sourceTree = "<group>"; };
		870F41551707FC1700EBA895 /* Default.png */ = {isa = PBXFileReference; lastKnownFileType = image.png; path = Default.png; sourceTree = "<group>"; };
		870F41571707FC1700EBA895 /* Default@2x.png */ = {isa = PBXFileReference; lastKnownFileType = image.png; path = "Default@2x.png"; sourceTree = "<group>"; };
		870F41591707FC1700EBA895 /* Default-568h@2x.png */ = {isa = PBXFileReference; lastKnownFileType = image.png; path = "Default-568h@2x.png"; sourceTree = "<group>"; };
		870F415B1707FC1700EBA895 /* ViewController.h */ = {isa = PBXFileReference; lastKnownFileType = sourcecode.c.h; path = ViewController.h; sourceTree = "<group>"; };
		870F415C1707FC1700EBA895 /* ViewController.m */ = {isa = PBXFileReference; lastKnownFileType = sourcecode.c.objc; path = ViewController.m; sourceTree = "<group>"; };
		870F415F1707FC1700EBA895 /* en */ = {isa = PBXFileReference; lastKnownFileType = file.xib; name = en; path = en.lproj/ViewController.xib; sourceTree = "<group>"; };
		870F416E1707FEE300EBA895 /* TTAsyncLoadImageSampleViewController.h */ = {isa = PBXFileReference; fileEncoding = 4; lastKnownFileType = sourcecode.c.h; name = TTAsyncLoadImageSampleViewController.h; path = Utilities/SampleCode/TTAsyncLoadImageSampleViewController.h; sourceTree = "<group>"; };
		870F416F1707FEE300EBA895 /* TTAsyncLoadImageSampleViewController.m */ = {isa = PBXFileReference; fileEncoding = 4; lastKnownFileType = sourcecode.c.objc; name = TTAsyncLoadImageSampleViewController.m; path = Utilities/SampleCode/TTAsyncLoadImageSampleViewController.m; sourceTree = "<group>"; };
		870F41731708071E00EBA895 /* TTAsyncImageView.h */ = {isa = PBXFileReference; fileEncoding = 4; lastKnownFileType = sourcecode.c.h; name = TTAsyncImageView.h; path = util/TTAsyncImageView.h; sourceTree = "<group>"; };
		870F41741708071E00EBA895 /* TTAsyncImageView.m */ = {isa = PBXFileReference; fileEncoding = 4; lastKnownFileType = sourcecode.c.objc; name = TTAsyncImageView.m; path = util/TTAsyncImageView.m; sourceTree = "<group>"; };
/* End PBXFileReference section */

/* Begin PBXFrameworksBuildPhase section */
		870F413D1707FC1700EBA895 /* Frameworks */ = {
			isa = PBXFrameworksBuildPhase;
			buildActionMask = 2147483647;
			files = (
				870F41441707FC1700EBA895 /* UIKit.framework in Frameworks */,
				870F41461707FC1700EBA895 /* Foundation.framework in Frameworks */,
				870F41481707FC1700EBA895 /* CoreGraphics.framework in Frameworks */,
			);
			runOnlyForDeploymentPostprocessing = 0;
		};
/* End PBXFrameworksBuildPhase section */

/* Begin PBXGroup section */
		870F41371707FC1700EBA895 = {
			isa = PBXGroup;
			children = (
				870F416A1707FE5600EBA895 /* SampleCode */,
				870F41491707FC1700EBA895 /* Utilities */,
				870F41421707FC1700EBA895 /* Frameworks */,
				870F41411707FC1700EBA895 /* Products */,
			);
			sourceTree = "<group>";
		};
		870F41411707FC1700EBA895 /* Products */ = {
			isa = PBXGroup;
			children = (
				870F41401707FC1700EBA895 /* Utilities.app */,
			);
			name = Products;
			sourceTree = "<group>";
		};
		870F41421707FC1700EBA895 /* Frameworks */ = {
			isa = PBXGroup;
			children = (
				870F41431707FC1700EBA895 /* UIKit.framework */,
				870F41451707FC1700EBA895 /* Foundation.framework */,
				870F41471707FC1700EBA895 /* CoreGraphics.framework */,
			);
			name = Frameworks;
			sourceTree = "<group>";
		};
		870F41491707FC1700EBA895 /* Utilities */ = {
			isa = PBXGroup;
			children = (
				870F41661707FC4D00EBA895 /* Util */,
				870F41521707FC1700EBA895 /* AppDelegate.h */,
				870F41531707FC1700EBA895 /* AppDelegate.m */,
				870F415B1707FC1700EBA895 /* ViewController.h */,
				870F415C1707FC1700EBA895 /* ViewController.m */,
				870F415E1707FC1700EBA895 /* ViewController.xib */,
				870F414A1707FC1700EBA895 /* Supporting Files */,
			);
			path = Utilities;
			sourceTree = "<group>";
		};
		870F414A1707FC1700EBA895 /* Supporting Files */ = {
			isa = PBXGroup;
			children = (
				870F414B1707FC1700EBA895 /* Utilities-Info.plist */,
				870F414C1707FC1700EBA895 /* InfoPlist.strings */,
				870F414F1707FC1700EBA895 /* main.m */,
				870F41511707FC1700EBA895 /* Utilities-Prefix.pch */,
				870F41551707FC1700EBA895 /* Default.png */,
				870F41571707FC1700EBA895 /* Default@2x.png */,
				870F41591707FC1700EBA895 /* Default-568h@2x.png */,
			);
			name = "Supporting Files";
			sourceTree = "<group>";
		};
		870F41661707FC4D00EBA895 /* Util */ = {
			isa = PBXGroup;
			children = (
				870F41731708071E00EBA895 /* TTAsyncImageView.h */,
				870F41741708071E00EBA895 /* TTAsyncImageView.m */,
			);
			name = Util;
			sourceTree = "<group>";
		};
		870F416A1707FE5600EBA895 /* SampleCode */ = {
			isa = PBXGroup;
			children = (
				870F416E1707FEE300EBA895 /* TTAsyncLoadImageSampleViewController.h */,
				870F416F1707FEE300EBA895 /* TTAsyncLoadImageSampleViewController.m */,
			);
			name = SampleCode;
			sourceTree = "<group>";
		};
/* End PBXGroup section */

/* Begin PBXNativeTarget section */
		870F413F1707FC1700EBA895 /* Utilities */ = {
			isa = PBXNativeTarget;
			buildConfigurationList = 870F41631707FC1700EBA895 /* Build configuration list for PBXNativeTarget "Utilities" */;
			buildPhases = (
				870F413C1707FC1700EBA895 /* Sources */,
				870F413D1707FC1700EBA895 /* Frameworks */,
				870F413E1707FC1700EBA895 /* Resources */,
			);
			buildRules = (
			);
			dependencies = (
			);
			name = Utilities;
			productName = Utilities;
			productReference = 870F41401707FC1700EBA895 /* Utilities.app */;
			productType = "com.apple.product-type.application";
		};
/* End PBXNativeTarget section */

/* Begin PBXProject section */
		870F41381707FC1700EBA895 /* Project object */ = {
			isa = PBXProject;
			attributes = {
				LastUpgradeCheck = 0460;
				ORGANIZATIONNAME = tsun;
			};
			buildConfigurationList = 870F413B1707FC1700EBA895 /* Build configuration list for PBXProject "Utilities" */;
			compatibilityVersion = "Xcode 3.2";
			developmentRegion = English;
			hasScannedForEncodings = 0;
			knownRegions = (
				en,
			);
			mainGroup = 870F41371707FC1700EBA895;
			productRefGroup = 870F41411707FC1700EBA895 /* Products */;
			projectDirPath = "";
			projectRoot = "";
			targets = (
				870F413F1707FC1700EBA895 /* Utilities */,
			);
		};
/* End PBXProject section */

/* Begin PBXResourcesBuildPhase section */
		870F413E1707FC1700EBA895 /* Resources */ = {
			isa = PBXResourcesBuildPhase;
			buildActionMask = 2147483647;
			files = (
				870F414E1707FC1700EBA895 /* InfoPlist.strings in Resources */,
				870F41561707FC1700EBA895 /* Default.png in Resources */,
				870F41581707FC1700EBA895 /* Default@2x.png in Resources */,
				870F415A1707FC1700EBA895 /* Default-568h@2x.png in Resources */,
				870F41601707FC1700EBA895 /* ViewController.xib in Resources */,
			);
			runOnlyForDeploymentPostprocessing = 0;
		};
/* End PBXResourcesBuildPhase section */

/* Begin PBXSourcesBuildPhase section */
		870F413C1707FC1700EBA895 /* Sources */ = {
			isa = PBXSourcesBuildPhase;
			buildActionMask = 2147483647;
			files = (
				870F41501707FC1700EBA895 /* main.m in Sources */,
				870F41541707FC1700EBA895 /* AppDelegate.m in Sources */,
				870F415D1707FC1700EBA895 /* ViewController.m in Sources */,
				870F41711707FEE300EBA895 /* TTAsyncLoadImageSampleViewController.m in Sources */,
				870F41751708071E00EBA895 /* TTAsyncImageView.m in Sources */,
			);
			runOnlyForDeploymentPostprocessing = 0;
		};
/* End PBXSourcesBuildPhase section */

/* Begin PBXVariantGroup section */
		870F414C1707FC1700EBA895 /* InfoPlist.strings */ = {
			isa = PBXVariantGroup;
			children = (
				870F414D1707FC1700EBA895 /* en */,
			);
			name = InfoPlist.strings;
			sourceTree = "<group>";
		};
		870F415E1707FC1700EBA895 /* ViewController.xib */ = {
			isa = PBXVariantGroup;
			children = (
				870F415F1707FC1700EBA895 /* en */,
			);
			name = ViewController.xib;
			sourceTree = "<group>";
		};
/* End PBXVariantGroup section */

/* Begin XCBuildConfiguration section */
		870F41611707FC1700EBA895 /* Debug */ = {
			isa = XCBuildConfiguration;
			buildSettings = {
				ALWAYS_SEARCH_USER_PATHS = NO;
				CLANG_CXX_LANGUAGE_STANDARD = "gnu++0x";
				CLANG_CXX_LIBRARY = "libc++";
				CLANG_WARN_CONSTANT_CONVERSION = YES;
				CLANG_WARN_EMPTY_BODY = YES;
				CLANG_WARN_ENUM_CONVERSION = YES;
				CLANG_WARN_INT_CONVERSION = YES;
				CLANG_WARN__DUPLICATE_METHOD_MATCH = YES;
				"CODE_SIGN_IDENTITY[sdk=iphoneos*]" = "iPhone Developer";
				COPY_PHASE_STRIP = NO;
				GCC_C_LANGUAGE_STANDARD = gnu99;
				GCC_DYNAMIC_NO_PIC = NO;
				GCC_OPTIMIZATION_LEVEL = 0;
				GCC_PREPROCESSOR_DEFINITIONS = (
					"DEBUG=1",
					"$(inherited)",
				);
				GCC_SYMBOLS_PRIVATE_EXTERN = NO;
				GCC_WARN_ABOUT_RETURN_TYPE = YES;
				GCC_WARN_UNINITIALIZED_AUTOS = YES;
				GCC_WARN_UNUSED_VARIABLE = YES;
				IPHONEOS_DEPLOYMENT_TARGET = 6.1;
				ONLY_ACTIVE_ARCH = YES;
				SDKROOT = iphoneos;
			};
			name = Debug;
		};
		870F41621707FC1700EBA895 /* Release */ = {
			isa = XCBuildConfiguration;
			buildSettings = {
				ALWAYS_SEARCH_USER_PATHS = NO;
				CLANG_CXX_LANGUAGE_STANDARD = "gnu++0x";
				CLANG_CXX_LIBRARY = "libc++";
				CLANG_WARN_CONSTANT_CONVERSION = YES;
				CLANG_WARN_EMPTY_BODY = YES;
				CLANG_WARN_ENUM_CONVERSION = YES;
				CLANG_WARN_INT_CONVERSION = YES;
				CLANG_WARN__DUPLICATE_METHOD_MATCH = YES;
				"CODE_SIGN_IDENTITY[sdk=iphoneos*]" = "iPhone Developer";
				COPY_PHASE_STRIP = YES;
				GCC_C_LANGUAGE_STANDARD = gnu99;
				GCC_WARN_ABOUT_RETURN_TYPE = YES;
				GCC_WARN_UNINITIALIZED_AUTOS = YES;
				GCC_WARN_UNUSED_VARIABLE = YES;
				IPHONEOS_DEPLOYMENT_TARGET = 6.1;
				OTHER_CFLAGS = "-DNS_BLOCK_ASSERTIONS=1";
				SDKROOT = iphoneos;
				VALIDATE_PRODUCT = YES;
			};
			name = Release;
		};
		870F41641707FC1700EBA895 /* Debug */ = {
			isa = XCBuildConfiguration;
			buildSettings = {
				GCC_PRECOMPILE_PREFIX_HEADER = YES;
				GCC_PREFIX_HEADER = "Utilities/Utilities-Prefix.pch";
				INFOPLIST_FILE = "Utilities/Utilities-Info.plist";
				PRODUCT_NAME = "$(TARGET_NAME)";
				WRAPPER_EXTENSION = app;
			};
			name = Debug;
		};
		870F41651707FC1700EBA895 /* Release */ = {
			isa = XCBuildConfiguration;
			buildSettings = {
				GCC_PRECOMPILE_PREFIX_HEADER = YES;
				GCC_PREFIX_HEADER = "Utilities/Utilities-Prefix.pch";
				INFOPLIST_FILE = "Utilities/Utilities-Info.plist";
				PRODUCT_NAME = "$(TARGET_NAME)";
				WRAPPER_EXTENSION = app;
			};
			name = Release;
		};
/* End XCBuildConfiguration section */

/* Begin XCConfigurationList section */
		870F413B1707FC1700EBA895 /* Build configuration list for PBXProject "Utilities" */ = {
			isa = XCConfigurationList;
			buildConfigurations = (
				870F41611707FC1700EBA895 /* Debug */,
				870F41621707FC1700EBA895 /* Release */,
			);
			defaultConfigurationIsVisible = 0;
			defaultConfigurationName = Release;
		};
		870F41631707FC1700EBA895 /* Build configuration list for PBXNativeTarget "Utilities" */ = {
			isa = XCConfigurationList;
			buildConfigurations = (
				870F41641707FC1700EBA895 /* Debug */,
				870F41651707FC1700EBA895 /* Release */,
			);
			defaultConfigurationIsVisible = 0;
		};
/* End XCConfigurationList section */
	};
	rootObject = 870F41381707FC1700EBA895 /* Project object */;
}
